
Microsoft Visual Studio Solution File, Format Version 12.00
# Visual Studio 15
VisualStudioVersion = 15.0.26730.16
MinimumVisualStudioVersion = 10.0.40219.1
Project("{FAE04EC0-301F-11D3-BF4B-00C04F79EFBC}") = "p_6.Android", "p_6\p_6.Android\p_6.Android.csproj", "{368C1B53-36B8-47FF-A530-DECB096A49AE}"
EndProject
Project("{FAE04EC0-301F-11D3-BF4B-00C04F79EFBC}") = "p_6", "p_6\p_6\p_6.csproj", "{9928EE64-048F-4707-86AB-367A0B1A3A25}"
EndProject
Project("{FAE04EC0-301F-11D3-BF4B-00C04F79EFBC}") = "p_6.UWP", "p_6\p_6.UWP\p_6.UWP.csproj", "{FF1293F2-CB64-46DF-9DD7-E1653498781A}"
EndProject
Project("{FAE04EC0-301F-11D3-BF4B-00C04F79EFBC}") = "p_6.iOS", "p_6\p_6.iOS\p_6.iOS.csproj", "{5EF7804A-CE5C-44AB-B35D-37672F4FC6EB}"
EndProject
Global
	GlobalSection(SolutionConfigurationPlatforms) = preSolution
		Ad-Hoc|Any CPU = Ad-Hoc|Any CPU
		Ad-Hoc|ARM = Ad-Hoc|ARM
		Ad-Hoc|iPhone = Ad-Hoc|iPhone
		Ad-Hoc|iPhoneSimulator = Ad-Hoc|iPhoneSimulator
		Ad-Hoc|x64 = Ad-Hoc|x64
		Ad-Hoc|x86 = Ad-Hoc|x86
		AppStore|Any CPU = AppStore|Any CPU
		AppStore|ARM = AppStore|ARM
		AppStore|iPhone = AppStore|iPhone
		AppStore|iPhoneSimulator = AppStore|iPhoneSimulator
		AppStore|x64 = AppStore|x64
		AppStore|x86 = AppStore|x86
		Debug|Any CPU = Debug|Any CPU
		Debug|ARM = Debug|ARM
		Debug|iPhone = Debug|iPhone
		Debug|iPhoneSimulator = Debug|iPhoneSimulator
		Debug|x64 = Debug|x64
		Debug|x86 = Debug|x86
		Release|Any CPU = Release|Any CPU
		Release|ARM = Release|ARM
		Release|iPhone = Release|iPhone
		Release|iPhoneSimulator = Release|iPhoneSimulator
		Release|x64 = Release|x64
		Release|x86 = Release|x86
	EndGlobalSection
	GlobalSection(ProjectConfigurationPlatforms) = postSolution
		{368C1B53-36B8-47FF-A530-DECB096A49AE}.Ad-Hoc|Any CPU.ActiveCfg = Release|Any CPU
		{368C1B53-36B8-47FF-A530-DECB096A49AE}.Ad-Hoc|Any CPU.Build.0 = Release|Any CPU
		{368C1B53-36B8-47FF-A530-DECB096A49AE}.Ad-Hoc|Any CPU.Deploy.0 = Release|Any CPU
		{368C1B53-36B8-47FF-A530-DECB096A49AE}.Ad-Hoc|ARM.ActiveCfg = Release|Any CPU
		{368C1B53-36B8-47FF-A530-DECB096A49AE}.Ad-Hoc|ARM.Build.0 = Release|Any CPU
		{368C1B53-36B8-47FF-A530-DECB096A49AE}.Ad-Hoc|ARM.Deploy.0 = Release|Any CPU
		{368C1B53-36B8-47FF-A530-DECB096A49AE}.Ad-Hoc|iPhone.ActiveCfg = Release|Any CPU
		{368C1B53-36B8-47FF-A530-DECB096A49AE}.Ad-Hoc|iPhone.Build.0 = Release|Any CPU
		{368C1B53-36B8-47FF-A530-DECB096A49AE}.Ad-Hoc|iPhone.Deploy.0 = Release|Any CPU
		{368C1B53-36B8-47FF-A530-DECB096A49AE}.Ad-Hoc|iPhoneSimulator.ActiveCfg = Release|Any CPU
		{368C1B53-36B8-47FF-A530-DECB096A49AE}.Ad-Hoc|iPhoneSimulator.Build.0 = Release|Any CPU
		{368C1B53-36B8-47FF-A530-DECB096A49AE}.Ad-Hoc|iPhoneSimulator.Deploy.0 = Release|Any CPU
		{368C1B53-36B8-47FF-A530-DECB096A49AE}.Ad-Hoc|x64.ActiveCfg = Release|Any CPU
		{368C1B53-36B8-47FF-A530-DECB096A49AE}.Ad-Hoc|x64.Build.0 = Release|Any CPU
		{368C1B53-36B8-47FF-A530-DECB096A49AE}.Ad-Hoc|x64.Deploy.0 = Release|Any CPU
		{368C1B53-36B8-47FF-A530-DECB096A49AE}.Ad-Hoc|x86.ActiveCfg = Release|Any CPU
		{368C1B53-36B8-47FF-A530-DECB096A49AE}.Ad-Hoc|x86.Build.0 = Release|Any CPU
		{368C1B53-36B8-47FF-A530-DECB096A49AE}.Ad-Hoc|x86.Deploy.0 = Release|Any CPU
		{368C1B53-36B8-47FF-A530-DECB096A49AE}.AppStore|Any CPU.ActiveCfg = Release|Any CPU
		{368C1B53-36B8-47FF-A530-DECB096A49AE}.AppStore|Any CPU.Build.0 = Release|Any CPU
		{368C1B53-36B8-47FF-A530-DECB096A49AE}.AppStore|Any CPU.Deploy.0 = Release|Any CPU
		{368C1B53-36B8-47FF-A530-DECB096A49AE}.AppStore|ARM.ActiveCfg = Release|Any CPU
		{368C1B53-36B8-47FF-A530-DECB096A49AE}.AppStore|ARM.Build.0 = Release|Any CPU
		{368C1B53-36B8-47FF-A530-DECB096A49AE}.AppStore|ARM.Deploy.0 = Release|Any CPU
		{368C1B53-36B8-47FF-A530-DECB096A49AE}.AppStore|iPhone.ActiveCfg = Release|Any CPU
		{368C1B53-36B8-47FF-A530-DECB096A49AE}.AppStore|iPhone.Build.0 = Release|Any CPU
		{368C1B53-36B8-47FF-A530-DECB096A49AE}.AppStore|iPhone.Deploy.0 = Release|Any CPU
		{368C1B53-36B8-47FF-A530-DECB096A49AE}.AppStore|iPhoneSimulator.ActiveCfg = Release|Any CPU
		{368C1B53-36B8-47FF-A530-DECB096A49AE}.AppStore|iPhoneSimulator.Build.0 = Release|Any CPU
		{368C1B53-36B8-47FF-A530-DECB096A49AE}.AppStore|iPhoneSimulator.Deploy.0 = Release|Any CPU
		{368C1B53-36B8-47FF-A530-DECB096A49AE}.AppStore|x64.ActiveCfg = Release|Any CPU
		{368C1B53-36B8-47FF-A530-DECB096A49AE}.AppStore|x64.Build.0 = Release|Any CPU
		{368C1B53-36B8-47FF-A530-DECB096A49AE}.AppStore|x64.Deploy.0 = Release|Any CPU
		{368C1B53-36B8-47FF-A530-DECB096A49AE}.AppStore|x86.ActiveCfg = Release|Any CPU
		{368C1B53-36B8-47FF-A530-DECB096A49AE}.AppStore|x86.Build.0 = Release|Any CPU
		{368C1B53-36B8-47FF-A530-DECB096A49AE}.AppStore|x86.Deploy.0 = Release|Any CPU
		{368C1B53-36B8-47FF-A530-DECB096A49AE}.Debug|Any CPU.ActiveCfg = Debug|Any CPU
		{368C1B53-36B8-47FF-A530-DECB096A49AE}.Debug|Any CPU.Build.0 = Debug|Any CPU
		{368C1B53-36B8-47FF-A530-DECB096A49AE}.Debug|Any CPU.Deploy.0 = Debug|Any CPU
		{368C1B53-36B8-47FF-A530-DECB096A49AE}.Debug|ARM.ActiveCfg = Debug|Any CPU
		{368C1B53-36B8-47FF-A530-DECB096A49AE}.Debug|ARM.Build.0 = Debug|Any CPU
		{368C1B53-36B8-47FF-A530-DECB096A49AE}.Debug|ARM.Deploy.0 = Debug|Any CPU
		{368C1B53-36B8-47FF-A530-DECB096A49AE}.Debug|iPhone.ActiveCfg = Debug|Any CPU
		{368C1B53-36B8-47FF-A530-DECB096A49AE}.Debug|iPhone.Build.0 = Debug|Any CPU
		{368C1B53-36B8-47FF-A530-DECB096A49AE}.Debug|iPhone.Deploy.0 = Debug|Any CPU
		{368C1B53-36B8-47FF-A530-DECB096A49AE}.Debug|iPhoneSimulator.ActiveCfg = Debug|Any CPU
		{368C1B53-36B8-47FF-A530-DECB096A49AE}.Debug|iPhoneSimulator.Build.0 = Debug|Any CPU
		{368C1B53-36B8-47FF-A530-DECB096A49AE}.Debug|iPhoneSimulator.Deploy.0 = Debug|Any CPU
		{368C1B53-36B8-47FF-A530-DECB096A49AE}.Debug|x64.ActiveCfg = Debug|Any CPU
		{368C1B53-36B8-47FF-A530-DECB096A49AE}.Debug|x64.Build.0 = Debug|Any CPU
		{368C1B53-36B8-47FF-A530-DECB096A49AE}.Debug|x64.Deploy.0 = Debug|Any CPU
		{368C1B53-36B8-47FF-A530-DECB096A49AE}.Debug|x86.ActiveCfg = Debug|Any CPU
		{368C1B53-36B8-47FF-A530-DECB096A49AE}.Debug|x86.Build.0 = Debug|Any CPU
		{368C1B53-36B8-47FF-A530-DECB096A49AE}.Debug|x86.Deploy.0 = Debug|Any CPU
		{368C1B53-36B8-47FF-A530-DECB096A49AE}.Release|Any CPU.ActiveCfg = Release|Any CPU
		{368C1B53-36B8-47FF-A530-DECB096A49AE}.Release|Any CPU.Build.0 = Release|Any CPU
		{368C1B53-36B8-47FF-A530-DECB096A49AE}.Release|Any CPU.Deploy.0 = Release|Any CPU
		{368C1B53-36B8-47FF-A530-DECB096A49AE}.Release|ARM.ActiveCfg = Release|Any CPU
		{368C1B53-36B8-47FF-A530-DECB096A49AE}.Release|ARM.Build.0 = Release|Any CPU
		{368C1B53-36B8-47FF-A530-DECB096A49AE}.Release|ARM.Deploy.0 = Release|Any CPU
		{368C1B53-36B8-47FF-A530-DECB096A49AE}.Release|iPhone.ActiveCfg = Release|Any CPU
		{368C1B53-36B8-47FF-A530-DECB096A49AE}.Release|iPhone.Build.0 = Release|Any CPU
		{368C1B53-36B8-47FF-A530-DECB096A49AE}.Release|iPhone.Deploy.0 = Release|Any CPU
		{368C1B53-36B8-47FF-A530-DECB096A49AE}.Release|iPhoneSimulator.ActiveCfg = Release|Any CPU
		{368C1B53-36B8-47FF-A530-DECB096A49AE}.Release|iPhoneSimulator.Build.0 = Release|Any CPU
		{368C1B53-36B8-47FF-A530-DECB096A49AE}.Release|iPhoneSimulator.Deploy.0 = Release|Any CPU
		{368C1B53-36B8-47FF-A530-DECB096A49AE}.Release|x64.ActiveCfg = Release|Any CPU
		{368C1B53-36B8-47FF-A530-DECB096A49AE}.Release|x64.Build.0 = Release|Any CPU
		{368C1B53-36B8-47FF-A530-DECB096A49AE}.Release|x64.Deploy.0 = Release|Any CPU
		{368C1B53-36B8-47FF-A530-DECB096A49AE}.Release|x86.ActiveCfg = Release|Any CPU
		{368C1B53-36B8-47FF-A530-DECB096A49AE}.Release|x86.Build.0 = Release|Any CPU
		{368C1B53-36B8-47FF-A530-DECB096A49AE}.Release|x86.Deploy.0 = Release|Any CPU
		{9928EE64-048F-4707-86AB-367A0B1A3A25}.Ad-Hoc|Any CPU.ActiveCfg = Release|Any CPU
		{9928EE64-048F-4707-86AB-367A0B1A3A25}.Ad-Hoc|Any CPU.Build.0 = Release|Any CPU
		{9928EE64-048F-4707-86AB-367A0B1A3A25}.Ad-Hoc|ARM.ActiveCfg = Release|Any CPU
		{9928EE64-048F-4707-86AB-367A0B1A3A25}.Ad-Hoc|ARM.Build.0 = Release|Any CPU
		{9928EE64-048F-4707-86AB-367A0B1A3A25}.Ad-Hoc|iPhone.ActiveCfg = Release|Any CPU
		{9928EE64-048F-4707-86AB-367A0B1A3A25}.Ad-Hoc|iPhone.Build.0 = Release|Any CPU
		{9928EE64-048F-4707-86AB-367A0B1A3A25}.Ad-Hoc|iPhoneSimulator.ActiveCfg = Release|Any CPU
		{9928EE64-048F-4707-86AB-367A0B1A3A25}.Ad-Hoc|iPhoneSimulator.Build.0 = Release|Any CPU
		{9928EE64-048F-4707-86AB-367A0B1A3A25}.Ad-Hoc|x64.ActiveCfg = Release|Any CPU
		{9928EE64-048F-4707-86AB-367A0B1A3A25}.Ad-Hoc|x64.Build.0 = Release|Any CPU
		{9928EE64-048F-4707-86AB-367A0B1A3A25}.Ad-Hoc|x86.ActiveCfg = Release|Any CPU
		{9928EE64-048F-4707-86AB-367A0B1A3A25}.Ad-Hoc|x86.Build.0 = Release|Any CPU
		{9928EE64-048F-4707-86AB-367A0B1A3A25}.AppStore|Any CPU.ActiveCfg = Release|Any CPU
		{9928EE64-048F-4707-86AB-367A0B1A3A25}.AppStore|Any CPU.Build.0 = Release|Any CPU
		{9928EE64-048F-4707-86AB-367A0B1A3A25}.AppStore|ARM.ActiveCfg = Release|Any CPU
		{9928EE64-048F-4707-86AB-367A0B1A3A25}.AppStore|ARM.Build.0 = Release|Any CPU
		{9928EE64-048F-4707-86AB-367A0B1A3A25}.AppStore|iPhone.ActiveCfg = Release|Any CPU
		{9928EE64-048F-4707-86AB-367A0B1A3A25}.AppStore|iPhone.Build.0 = Release|Any CPU
		{9928EE64-048F-4707-86AB-367A0B1A3A25}.AppStore|iPhoneSimulator.ActiveCfg = Release|Any CPU
		{9928EE64-048F-4707-86AB-367A0B1A3A25}.AppStore|iPhoneSimulator.Build.0 = Release|Any CPU
		{9928EE64-048F-4707-86AB-367A0B1A3A25}.AppStore|x64.ActiveCfg = Release|Any CPU
		{9928EE64-048F-4707-86AB-367A0B1A3A25}.AppStore|x64.Build.0 = Release|Any CPU
		{9928EE64-048F-4707-86AB-367A0B1A3A25}.AppStore|x86.ActiveCfg = Release|Any CPU
		{9928EE64-048F-4707-86AB-367A0B1A3A25}.AppStore|x86.Build.0 = Release|Any CPU
		{9928EE64-048F-4707-86AB-367A0B1A3A25}.Debug|Any CPU.ActiveCfg = Debug|Any CPU
		{9928EE64-048F-4707-86AB-367A0B1A3A25}.Debug|Any CPU.Build.0 = Debug|Any CPU
		{9928EE64-048F-4707-86AB-367A0B1A3A25}.Debug|ARM.ActiveCfg = Debug|Any CPU
		{9928EE64-048F-4707-86AB-367A0B1A3A25}.Debug|ARM.Build.0 = Debug|Any CPU
		{9928EE64-048F-4707-86AB-367A0B1A3A25}.Debug|iPhone.ActiveCfg = Debug|Any CPU
		{9928EE64-048F-4707-86AB-367A0B1A3A25}.Debug|iPhone.Build.0 = Debug|Any CPU
		{9928EE64-048F-4707-86AB-367A0B1A3A25}.Debug|iPhoneSimulator.ActiveCfg = Debug|Any CPU
		{9928EE64-048F-4707-86AB-367A0B1A3A25}.Debug|iPhoneSimulator.Build.0 = Debug|Any CPU
		{9928EE64-048F-4707-86AB-367A0B1A3A25}.Debug|x64.ActiveCfg = Debug|Any CPU
		{9928EE64-048F-4707-86AB-367A0B1A3A25}.Debug|x64.Build.0 = Debug|Any CPU
		{9928EE64-048F-4707-86AB-367A0B1A3A25}.Debug|x86.ActiveCfg = Debug|Any CPU
		{9928EE64-048F-4707-86AB-367A0B1A3A25}.Debug|x86.Build.0 = Debug|Any CPU
		{9928EE64-048F-4707-86AB-367A0B1A3A25}.Release|Any CPU.ActiveCfg = Release|Any CPU
		{9928EE64-048F-4707-86AB-367A0B1A3A25}.Release|Any CPU.Build.0 = Release|Any CPU
		{9928EE64-048F-4707-86AB-367A0B1A3A25}.Release|ARM.ActiveCfg = Release|Any CPU
		{9928EE64-048F-4707-86AB-367A0B1A3A25}.Release|ARM.Build.0 = Release|Any CPU
		{9928EE64-048F-4707-86AB-367A0B1A3A25}.Release|iPhone.ActiveCfg = Release|Any CPU
		{9928EE64-048F-4707-86AB-367A0B1A3A25}.Release|iPhone.Build.0 = Release|Any CPU
		{9928EE64-048F-4707-86AB-367A0B1A3A25}.Release|iPhoneSimulator.ActiveCfg = Release|Any CPU
		{9928EE64-048F-4707-86AB-367A0B1A3A25}.Release|iPhoneSimulator.Build.0 = Release|Any CPU
		{9928EE64-048F-4707-86AB-367A0B1A3A25}.Release|x64.ActiveCfg = Release|Any CPU
		{9928EE64-048F-4707-86AB-367A0B1A3A25}.Release|x64.Build.0 = Release|Any CPU
		{9928EE64-048F-4707-86AB-367A0B1A3A25}.Release|x86.ActiveCfg = Release|Any CPU
		{9928EE64-048F-4707-86AB-367A0B1A3A25}.Release|x86.Build.0 = Release|Any CPU
		{FF1293F2-CB64-46DF-9DD7-E1653498781A}.Ad-Hoc|Any CPU.ActiveCfg = Release|x86
		{FF1293F2-CB64-46DF-9DD7-E1653498781A}.Ad-Hoc|Any CPU.Build.0 = Release|x86
		{FF1293F2-CB64-46DF-9DD7-E1653498781A}.Ad-Hoc|Any CPU.Deploy.0 = Release|x86
		{FF1293F2-CB64-46DF-9DD7-E1653498781A}.Ad-Hoc|ARM.ActiveCfg = Release|ARM
		{FF1293F2-CB64-46DF-9DD7-E1653498781A}.Ad-Hoc|ARM.Build.0 = Release|ARM
		{FF1293F2-CB64-46DF-9DD7-E1653498781A}.Ad-Hoc|ARM.Deploy.0 = Release|ARM
		{FF1293F2-CB64-46DF-9DD7-E1653498781A}.Ad-Hoc|iPhone.ActiveCfg = Release|x86
		{FF1293F2-CB64-46DF-9DD7-E1653498781A}.Ad-Hoc|iPhone.Build.0 = Release|x86
		{FF1293F2-CB64-46DF-9DD7-E1653498781A}.Ad-Hoc|iPhone.Deploy.0 = Release|x86
		{FF1293F2-CB64-46DF-9DD7-E1653498781A}.Ad-Hoc|iPhoneSimulator.ActiveCfg = Release|x86
		{FF1293F2-CB64-46DF-9DD7-E1653498781A}.Ad-Hoc|iPhoneSimulator.Build.0 = Release|x86
		{FF1293F2-CB64-46DF-9DD7-E1653498781A}.Ad-Hoc|iPhoneSimulator.Deploy.0 = Release|x86
		{FF1293F2-CB64-46DF-9DD7-E1653498781A}.Ad-Hoc|x64.ActiveCfg = Release|x64
		{FF1293F2-CB64-46DF-9DD7-E1653498781A}.Ad-Hoc|x64.Build.0 = Release|x64
		{FF1293F2-CB64-46DF-9DD7-E1653498781A}.Ad-Hoc|x64.Deploy.0 = Release|x64
		{FF1293F2-CB64-46DF-9DD7-E1653498781A}.Ad-Hoc|x86.ActiveCfg = Release|x86
		{FF1293F2-CB64-46DF-9DD7-E1653498781A}.Ad-Hoc|x86.Build.0 = Release|x86
		{FF1293F2-CB64-46DF-9DD7-E1653498781A}.Ad-Hoc|x86.Deploy.0 = Release|x86
		{FF1293F2-CB64-46DF-9DD7-E1653498781A}.AppStore|Any CPU.ActiveCfg = Release|x86
		{FF1293F2-CB64-46DF-9DD7-E1653498781A}.AppStore|Any CPU.Build.0 = Release|x86
		{FF1293F2-CB64-46DF-9DD7-E1653498781A}.AppStore|Any CPU.Deploy.0 = Release|x86
		{FF1293F2-CB64-46DF-9DD7-E1653498781A}.AppStore|ARM.ActiveCfg = Release|ARM
		{FF1293F2-CB64-46DF-9DD7-E1653498781A}.AppStore|ARM.Build.0 = Release|ARM
		{FF1293F2-CB64-46DF-9DD7-E1653498781A}.AppStore|ARM.Deploy.0 = Release|ARM
		{FF1293F2-CB64-46DF-9DD7-E1653498781A}.AppStore|iPhone.ActiveCfg = Release|x86
		{FF1293F2-CB64-46DF-9DD7-E1653498781A}.AppStore|iPhone.Build.0 = Release|x86
		{FF1293F2-CB64-46DF-9DD7-E1653498781A}.AppStore|iPhone.Deploy.0 = Release|x86
		{FF1293F2-CB64-46DF-9DD7-E1653498781A}.AppStore|iPhoneSimulator.ActiveCfg = Release|x86
		{FF1293F2-CB64-46DF-9DD7-E1653498781A}.AppStore|iPhoneSimulator.Build.0 = Release|x86
		{FF1293F2-CB64-46DF-9DD7-E1653498781A}.AppStore|iPhoneSimulator.Deploy.0 = Release|x86
		{FF1293F2-CB64-46DF-9DD7-E1653498781A}.AppStore|x64.ActiveCfg = Release|x64
		{FF1293F2-CB64-46DF-9DD7-E1653498781A}.AppStore|x64.Build.0 = Release|x64
		{FF1293F2-CB64-46DF-9DD7-E1653498781A}.AppStore|x64.Deploy.0 = Release|x64
		{FF1293F2-CB64-46DF-9DD7-E1653498781A}.AppStore|x86.ActiveCfg = Release|x86
		{FF1293F2-CB64-46DF-9DD7-E1653498781A}.AppStore|x86.Build.0 = Release|x86
		{FF1293F2-CB64-46DF-9DD7-E1653498781A}.AppStore|x86.Deploy.0 = Release|x86
		{FF1293F2-CB64-46DF-9DD7-E1653498781A}.Debug|Any CPU.ActiveCfg = Debug|x86
		{FF1293F2-CB64-46DF-9DD7-E1653498781A}.Debug|ARM.ActiveCfg = Debug|ARM
		{FF1293F2-CB64-46DF-9DD7-E1653498781A}.Debug|ARM.Build.0 = Debug|ARM
		{FF1293F2-CB64-46DF-9DD7-E1653498781A}.Debug|ARM.Deploy.0 = Debug|ARM
		{FF1293F2-CB64-46DF-9DD7-E1653498781A}.Debug|iPhone.ActiveCfg = Debug|x86
		{FF1293F2-CB64-46DF-9DD7-E1653498781A}.Debug|iPhoneSimulator.ActiveCfg = Debug|x86
		{FF1293F2-CB64-46DF-9DD7-E1653498781A}.Debug|x64.ActiveCfg = Debug|x64
		{FF1293F2-CB64-46DF-9DD7-E1653498781A}.Debug|x64.Build.0 = Debug|x64
		{FF1293F2-CB64-46DF-9DD7-E1653498781A}.Debug|x64.Deploy.0 = Debug|x64
		{FF1293F2-CB64-46DF-9DD7-E1653498781A}.Debug|x86.ActiveCfg = Debug|x86
		{FF1293F2-CB64-46DF-9DD7-E1653498781A}.Debug|x86.Build.0 = Debug|x86
		{FF1293F2-CB64-46DF-9DD7-E1653498781A}.Debug|x86.Deploy.0 = Debug|x86
		{FF1293F2-CB64-46DF-9DD7-E1653498781A}.Release|Any CPU.ActiveCfg = Release|x86
		{FF1293F2-CB64-46DF-9DD7-E1653498781A}.Release|ARM.ActiveCfg = Release|ARM
		{FF1293F2-CB64-46DF-9DD7-E1653498781A}.Release|ARM.Build.0 = Release|ARM
		{FF1293F2-CB64-46DF-9DD7-E1653498781A}.Release|ARM.Deploy.0 = Release|ARM
		{FF1293F2-CB64-46DF-9DD7-E1653498781A}.Release|iPhone.ActiveCfg = Release|x86
		{FF1293F2-CB64-46DF-9DD7-E1653498781A}.Release|iPhoneSimulator.ActiveCfg = Release|x86
		{FF1293F2-CB64-46DF-9DD7-E1653498781A}.Release|x64.ActiveCfg = Release|x64
		{FF1293F2-CB64-46DF-9DD7-E1653498781A}.Release|x64.Build.0 = Release|x64
		{FF1293F2-CB64-46DF-9DD7-E1653498781A}.Release|x64.Deploy.0 = Release|x64
		{FF1293F2-CB64-46DF-9DD7-E1653498781A}.Release|x86.ActiveCfg = Release|x86
		{FF1293F2-CB64-46DF-9DD7-E1653498781A}.Release|x86.Build.0 = Release|x86
		{FF1293F2-CB64-46DF-9DD7-E1653498781A}.Release|x86.Deploy.0 = Release|x86
		{5EF7804A-CE5C-44AB-B35D-37672F4FC6EB}.Ad-Hoc|Any CPU.ActiveCfg = Ad-Hoc|iPhone
		{5EF7804A-CE5C-44AB-B35D-37672F4FC6EB}.Ad-Hoc|ARM.ActiveCfg = Ad-Hoc|iPhone
		{5EF7804A-CE5C-44AB-B35D-37672F4FC6EB}.Ad-Hoc|iPhone.ActiveCfg = Ad-Hoc|iPhone
		{5EF7804A-CE5C-44AB-B35D-37672F4FC6EB}.Ad-Hoc|iPhone.Build.0 = Ad-Hoc|iPhone
		{5EF7804A-CE5C-44AB-B35D-37672F4FC6EB}.Ad-Hoc|iPhoneSimulator.ActiveCfg = Ad-Hoc|iPhoneSimulator
		{5EF7804A-CE5C-44AB-B35D-37672F4FC6EB}.Ad-Hoc|iPhoneSimulator.Build.0 = Ad-Hoc|iPhoneSimulator
		{5EF7804A-CE5C-44AB-B35D-37672F4FC6EB}.Ad-Hoc|x64.ActiveCfg = Ad-Hoc|iPhone
		{5EF7804A-CE5C-44AB-B35D-37672F4FC6EB}.Ad-Hoc|x86.ActiveCfg = Ad-Hoc|iPhone
		{5EF7804A-CE5C-44AB-B35D-37672F4FC6EB}.AppStore|Any CPU.ActiveCfg = AppStore|iPhone
		{5EF7804A-CE5C-44AB-B35D-37672F4FC6EB}.AppStore|ARM.ActiveCfg = AppStore|iPhone
		{5EF7804A-CE5C-44AB-B35D-37672F4FC6EB}.AppStore|iPhone.ActiveCfg = AppStore|iPhone
		{5EF7804A-CE5C-44AB-B35D-37672F4FC6EB}.AppStore|iPhone.Build.0 = AppStore|iPhone
		{5EF7804A-CE5C-44AB-B35D-37672F4FC6EB}.AppStore|iPhoneSimulator.ActiveCfg = AppStore|iPhoneSimulator
		{5EF7804A-CE5C-44AB-B35D-37672F4FC6EB}.AppStore|iPhoneSimulator.Build.0 = AppStore|iPhoneSimulator
		{5EF7804A-CE5C-44AB-B35D-37672F4FC6EB}.AppStore|x64.ActiveCfg = AppStore|iPhone
		{5EF7804A-CE5C-44AB-B35D-37672F4FC6EB}.AppStore|x86.ActiveCfg = AppStore|iPhone
		{5EF7804A-CE5C-44AB-B35D-37672F4FC6EB}.Debug|Any CPU.ActiveCfg = Debug|iPhone
		{5EF7804A-CE5C-44AB-B35D-37672F4FC6EB}.Debug|ARM.ActiveCfg = Debug|iPhone
		{5EF7804A-CE5C-44AB-B35D-37672F4FC6EB}.Debug|iPhone.ActiveCfg = Debug|iPhone
		{5EF7804A-CE5C-44AB-B35D-37672F4FC6EB}.Debug|iPhone.Build.0 = Debug|iPhone
		{5EF7804A-CE5C-44AB-B35D-37672F4FC6EB}.Debug|iPhoneSimulator.ActiveCfg = Debug|iPhoneSimulator
		{5EF7804A-CE5C-44AB-B35D-37672F4FC6EB}.Debug|iPhoneSimulator.Build.0 = Debug|iPhoneSimulator
		{5EF7804A-CE5C-44AB-B35D-37672F4FC6EB}.Debug|x64.ActiveCfg = Debug|iPhone
		{5EF7804A-CE5C-44AB-B35D-37672F4FC6EB}.Debug|x86.ActiveCfg = Debug|iPhone
		{5EF7804A-CE5C-44AB-B35D-37672F4FC6EB}.Release|Any CPU.ActiveCfg = Release|iPhone
		{5EF7804A-CE5C-44AB-B35D-37672F4FC6EB}.Release|ARM.ActiveCfg = Release|iPhone
		{5EF7804A-CE5C-44AB-B35D-37672F4FC6EB}.Release|iPhone.ActiveCfg = Release|iPhone
		{5EF7804A-CE5C-44AB-B35D-37672F4FC6EB}.Release|iPhone.Build.0 = Release|iPhone
		{5EF7804A-CE5C-44AB-B35D-37672F4FC6EB}.Release|iPhoneSimulator.ActiveCfg = Release|iPhoneSimulator
		{5EF7804A-CE5C-44AB-B35D-37672F4FC6EB}.Release|iPhoneSimulator.Build.0 = Release|iPhoneSimulator
		{5EF7804A-CE5C-44AB-B35D-37672F4FC6EB}.Release|x64.ActiveCfg = Release|iPhone
		{5EF7804A-CE5C-44AB-B35D-37672F4FC6EB}.Release|x86.ActiveCfg = Release|iPhone
	EndGlobalSection
	GlobalSection(SolutionProperties) = preSolution
		HideSolutionNode = FALSE
	EndGlobalSection
	GlobalSection(ExtensibilityGlobals) = postSolution
		SolutionGuid = {B4CA3D9A-4685-48B9-9A06-3739F0BB14C5}
	EndGlobalSection
EndGlobal
